// !$*UTF8*$!
{
	archiveVersion = 1;
	classes = {
	};
	objectVersion = 56;
	objects = {

/* Begin PBXBuildFile section */
		E909C8442BA1098C00D67B65 /* SchedulesService.swift in Sources */ = {isa = PBXBuildFile; fileRef = E909C8432BA1098C00D67B65 /* SchedulesService.swift */; };
		E909C8472BA1186A00D67B65 /* SearchService.swift in Sources */ = {isa = PBXBuildFile; fileRef = E909C8462BA1186A00D67B65 /* SearchService.swift */; };
		E909C84A2BA1734300D67B65 /* ThreadService.swift in Sources */ = {isa = PBXBuildFile; fileRef = E909C8492BA1734300D67B65 /* ThreadService.swift */; };
		E909C84D2BA1795F00D67B65 /* NearestSettlementService.swift in Sources */ = {isa = PBXBuildFile; fileRef = E909C84C2BA1795F00D67B65 /* NearestSettlementService.swift */; };
		E909C8502BA1826400D67B65 /* CarriersService.swift in Sources */ = {isa = PBXBuildFile; fileRef = E909C84F2BA1826400D67B65 /* CarriersService.swift */; };
		E909C8532BA18EAB00D67B65 /* StationsListService.swift in Sources */ = {isa = PBXBuildFile; fileRef = E909C8522BA18EAB00D67B65 /* StationsListService.swift */; };
		E9163A8E2BD29A2C0007D9CF /* NetworkService.swift in Sources */ = {isa = PBXBuildFile; fileRef = E9163A8D2BD29A2C0007D9CF /* NetworkService.swift */; };
		E91BC4C22BD85410003FF64D /* Filter.swift in Sources */ = {isa = PBXBuildFile; fileRef = E91BC4C12BD85410003FF64D /* Filter.swift */; };
		E936A6152BD5BB7700CB08F7 /* RowSearchView.swift in Sources */ = {isa = PBXBuildFile; fileRef = E936A6142BD5BB7700CB08F7 /* RowSearchView.swift */; };
		E936A61A2BD5C16F00CB08F7 /* AgreementView.swift in Sources */ = {isa = PBXBuildFile; fileRef = E936A6192BD5C16F00CB08F7 /* AgreementView.swift */; };
		E936A61D2BD5C3A100CB08F7 /* ViewsRouter.swift in Sources */ = {isa = PBXBuildFile; fileRef = E936A61C2BD5C3A100CB08F7 /* ViewsRouter.swift */; };
		E936A6222BD62EA400CB08F7 /* CGFloat+Extensions.swift in Sources */ = {isa = PBXBuildFile; fileRef = E936A6212BD62EA400CB08F7 /* CGFloat+Extensions.swift */; };
		E936A6242BD62EDA00CB08F7 /* Font+Extensions.swift in Sources */ = {isa = PBXBuildFile; fileRef = E936A6232BD62EDA00CB08F7 /* Font+Extensions.swift */; };
		E936A6262BD62EFC00CB08F7 /* Image+Extensions.swift in Sources */ = {isa = PBXBuildFile; fileRef = E936A6252BD62EFC00CB08F7 /* Image+Extensions.swift */; };
		E936A6282BD62F2D00CB08F7 /* ErrorType.swift in Sources */ = {isa = PBXBuildFile; fileRef = E936A6272BD62F2D00CB08F7 /* ErrorType.swift */; };
		E936A62A2BD62FA300CB08F7 /* Story.swift in Sources */ = {isa = PBXBuildFile; fileRef = E936A6292BD62FA300CB08F7 /* Story.swift */; };
		E936A62F2BD78A8C00CB08F7 /* ErrorView.swift in Sources */ = {isa = PBXBuildFile; fileRef = E936A62E2BD78A8C00CB08F7 /* ErrorView.swift */; };
		E936A6322BD78B0400CB08F7 /* StoriesListView.swift in Sources */ = {isa = PBXBuildFile; fileRef = E936A6312BD78B0400CB08F7 /* StoriesListView.swift */; };
		E936A6352BD78BC900CB08F7 /* RoutesListView.swift in Sources */ = {isa = PBXBuildFile; fileRef = E936A6342BD78BC900CB08F7 /* RoutesListView.swift */; };
		E936A6382BD78C4300CB08F7 /* Route.swift in Sources */ = {isa = PBXBuildFile; fileRef = E936A6372BD78C4300CB08F7 /* Route.swift */; };
		E936A63B2BD78FE700CB08F7 /* Carrier.swift in Sources */ = {isa = PBXBuildFile; fileRef = E936A63A2BD78FE700CB08F7 /* Carrier.swift */; };
		E9396E5B2BDA2FE2003D69DA /* LaunchScreen.storyboard in Resources */ = {isa = PBXBuildFile; fileRef = E9396E5A2BDA2FE2003D69DA /* LaunchScreen.storyboard */; };
		E9396E602BDA3477003D69DA /* WebView.swift in Sources */ = {isa = PBXBuildFile; fileRef = E9396E5F2BDA3477003D69DA /* WebView.swift */; };
		E9396E632BDA393F003D69DA /* RadioButtonToggleStyle.swift in Sources */ = {isa = PBXBuildFile; fileRef = E9396E622BDA393F003D69DA /* RadioButtonToggleStyle.swift */; };
		E93E20F82B9D7DF100B43DA5 /* Travel_ScheduleApp.swift in Sources */ = {isa = PBXBuildFile; fileRef = E93E20F72B9D7DF100B43DA5 /* Travel_ScheduleApp.swift */; };
		E93E20FC2B9D7DF200B43DA5 /* Assets.xcassets in Resources */ = {isa = PBXBuildFile; fileRef = E93E20FB2B9D7DF200B43DA5 /* Assets.xcassets */; };
		E93E20FF2B9D7DF200B43DA5 /* Preview Assets.xcassets in Resources */ = {isa = PBXBuildFile; fileRef = E93E20FE2B9D7DF200B43DA5 /* Preview Assets.xcassets */; };
		E96F720A2BD9930800EE294E /* Bundle+Extensions.swift in Sources */ = {isa = PBXBuildFile; fileRef = E96F72092BD9930800EE294E /* Bundle+Extensions.swift */; };
		E96F720D2BD9939100EE294E /* Int+Extensions.swift in Sources */ = {isa = PBXBuildFile; fileRef = E96F720C2BD9939100EE294E /* Int+Extensions.swift */; };
		E96F72102BD995EA00EE294E /* SearchBarView.swift in Sources */ = {isa = PBXBuildFile; fileRef = E96F720F2BD995EA00EE294E /* SearchBarView.swift */; };
		E96F72152BD99BA000EE294E /* View+Extensions.swift in Sources */ = {isa = PBXBuildFile; fileRef = E96F72142BD99BA000EE294E /* View+Extensions.swift */; };
		E96F72192BD99DCA00EE294E /* SetRowElement.swift in Sources */ = {isa = PBXBuildFile; fileRef = E96F72182BD99DCA00EE294E /* SetRowElement.swift */; };
		E96F721E2BD9A56C00EE294E /* SearchNothingView.swift in Sources */ = {isa = PBXBuildFile; fileRef = E96F721D2BD9A56C00EE294E /* SearchNothingView.swift */; };
		E96F72252BD9BF2700EE294E /* SetCustomNavigationBar.swift in Sources */ = {isa = PBXBuildFile; fileRef = E96F72242BD9BF2700EE294E /* SetCustomNavigationBar.swift */; };
		E96F72282BD9BFAB00EE294E /* SetCustomNavBackButton.swift in Sources */ = {isa = PBXBuildFile; fileRef = E96F72272BD9BFAB00EE294E /* SetCustomNavBackButton.swift */; };
		E96F722B2BD9CBC900EE294E /* SearchTabView.swift in Sources */ = {isa = PBXBuildFile; fileRef = E96F722A2BD9CBC900EE294E /* SearchTabView.swift */; };
		E96F72302BD9D60100EE294E /* CheckboxToggleStyle.swift in Sources */ = {isa = PBXBuildFile; fileRef = E96F722F2BD9D60100EE294E /* CheckboxToggleStyle.swift */; };
		E98962DC2BA0EAD5005A84BA /* AuthenticationClientMiddleware.swift in Sources */ = {isa = PBXBuildFile; fileRef = E98962DB2BA0EAD5005A84BA /* AuthenticationClientMiddleware.swift */; };
		E98962E12BA0EE54005A84BA /* CopyrightService.swift in Sources */ = {isa = PBXBuildFile; fileRef = E98962E02BA0EE54005A84BA /* CopyrightService.swift */; };
		E9A49C252BD29D8100017734 /* RootTabView.swift in Sources */ = {isa = PBXBuildFile; fileRef = E9A49C242BD29D8100017734 /* RootTabView.swift */; };
		E9A49C272BD29EA000017734 /* MainSearchView.swift in Sources */ = {isa = PBXBuildFile; fileRef = E9A49C262BD29EA000017734 /* MainSearchView.swift */; };
		E9A49C2A2BD2A04800017734 /* Destination.swift in Sources */ = {isa = PBXBuildFile; fileRef = E9A49C292BD2A04800017734 /* Destination.swift */; };
		E9A49C2F2BD2A1CC00017734 /* City.swift in Sources */ = {isa = PBXBuildFile; fileRef = E9A49C2E2BD2A1CC00017734 /* City.swift */; };
		E9A49C312BD2A1F700017734 /* Station.swift in Sources */ = {isa = PBXBuildFile; fileRef = E9A49C302BD2A1F700017734 /* Station.swift */; };
		E9A49C332BD2A21C00017734 /* Schedule.swift in Sources */ = {isa = PBXBuildFile; fileRef = E9A49C322BD2A21C00017734 /* Schedule.swift */; };
		E9A49C352BD2A38900017734 /* SettingsView.swift in Sources */ = {isa = PBXBuildFile; fileRef = E9A49C342BD2A38900017734 /* SettingsView.swift */; };
		E9A49C3C2BD2B5D200017734 /* CityView.swift in Sources */ = {isa = PBXBuildFile; fileRef = E9A49C3B2BD2B5D200017734 /* CityView.swift */; };
		E9A49C402BD2B83800017734 /* StationView.swift in Sources */ = {isa = PBXBuildFile; fileRef = E9A49C3F2BD2B83800017734 /* StationView.swift */; };
		E9A49C432BD2CC0300017734 /* RouteView.swift in Sources */ = {isa = PBXBuildFile; fileRef = E9A49C422BD2CC0300017734 /* RouteView.swift */; };
		E9DCFF382BD8E3DB00C20F64 /* FilterView.swift in Sources */ = {isa = PBXBuildFile; fileRef = E9DCFF372BD8E3DB00C20F64 /* FilterView.swift */; };
		E9DCFF3B2BD8E40200C20F64 /* CarrierView.swift in Sources */ = {isa = PBXBuildFile; fileRef = E9DCFF3A2BD8E40200C20F64 /* CarrierView.swift */; };
		E9EC1BF82C0CB5D400FC85ED /* AppColors.swift in Sources */ = {isa = PBXBuildFile; fileRef = E9EC1BF72C0CB5D400FC85ED /* AppColors.swift */; };
		E9EC1BFA2C0CB9F200FC85ED /* AppFonts.swift in Sources */ = {isa = PBXBuildFile; fileRef = E9EC1BF92C0CB9F200FC85ED /* AppFonts.swift */; };
		E9EC1C0E2C0CFECA00FC85ED /* AppSizes.swift in Sources */ = {isa = PBXBuildFile; fileRef = E9EC1C0D2C0CFECA00FC85ED /* AppSizes.swift */; };
		E9EC1C182C0DC7B600FC85ED /* SearchButtonView.swift in Sources */ = {isa = PBXBuildFile; fileRef = E9EC1C172C0DC7B600FC85ED /* SearchButtonView.swift */; };
		E9EC1C1B2C0DC91C00FC85ED /* SwapButtonView.swift in Sources */ = {isa = PBXBuildFile; fileRef = E9EC1C1A2C0DC91C00FC85ED /* SwapButtonView.swift */; };
		E9EC1C1E2C0DE3A300FC85ED /* DestinationsListView.swift in Sources */ = {isa = PBXBuildFile; fileRef = E9EC1C1D2C0DE3A300FC85ED /* DestinationsListView.swift */; };
		E9F4907F2B9DA536006FD055 /* OpenAPIRuntime in Frameworks */ = {isa = PBXBuildFile; productRef = E9F4907E2B9DA536006FD055 /* OpenAPIRuntime */; };
		E9F490822B9DA583006FD055 /* OpenAPIURLSession in Frameworks */ = {isa = PBXBuildFile; productRef = E9F490812B9DA583006FD055 /* OpenAPIURLSession */; };
		E9F490862B9DB495006FD055 /* openapi.yaml in Resources */ = {isa = PBXBuildFile; fileRef = E9F490852B9DB495006FD055 /* openapi.yaml */; };
		E9F490882B9DB4F6006FD055 /* openapi-generator-config.yaml in Resources */ = {isa = PBXBuildFile; fileRef = E9F490872B9DB4F6006FD055 /* openapi-generator-config.yaml */; };
		E9F4908B2B9DB76E006FD055 /* NearestStationsService.swift in Sources */ = {isa = PBXBuildFile; fileRef = E9F4908A2B9DB76E006FD055 /* NearestStationsService.swift */; };
		E9F4908E2B9DBADB006FD055 /* Resources.swift in Sources */ = {isa = PBXBuildFile; fileRef = E9F4908D2B9DBADB006FD055 /* Resources.swift */; };
/* End PBXBuildFile section */

/* Begin PBXFileReference section */
		E909C8432BA1098C00D67B65 /* SchedulesService.swift */ = {isa = PBXFileReference; lastKnownFileType = sourcecode.swift; path = SchedulesService.swift; sourceTree = "<group>"; };
		E909C8462BA1186A00D67B65 /* SearchService.swift */ = {isa = PBXFileReference; lastKnownFileType = sourcecode.swift; path = SearchService.swift; sourceTree = "<group>"; };
		E909C8492BA1734300D67B65 /* ThreadService.swift */ = {isa = PBXFileReference; lastKnownFileType = sourcecode.swift; path = ThreadService.swift; sourceTree = "<group>"; };
		E909C84C2BA1795F00D67B65 /* NearestSettlementService.swift */ = {isa = PBXFileReference; lastKnownFileType = sourcecode.swift; path = NearestSettlementService.swift; sourceTree = "<group>"; };
		E909C84F2BA1826400D67B65 /* CarriersService.swift */ = {isa = PBXFileReference; lastKnownFileType = sourcecode.swift; path = CarriersService.swift; sourceTree = "<group>"; };
		E909C8522BA18EAB00D67B65 /* StationsListService.swift */ = {isa = PBXFileReference; lastKnownFileType = sourcecode.swift; path = StationsListService.swift; sourceTree = "<group>"; };
		E9163A8D2BD29A2C0007D9CF /* NetworkService.swift */ = {isa = PBXFileReference; lastKnownFileType = sourcecode.swift; path = NetworkService.swift; sourceTree = "<group>"; };
		E91BC4C12BD85410003FF64D /* Filter.swift */ = {isa = PBXFileReference; lastKnownFileType = sourcecode.swift; path = Filter.swift; sourceTree = "<group>"; };
		E936A6142BD5BB7700CB08F7 /* RowSearchView.swift */ = {isa = PBXFileReference; lastKnownFileType = sourcecode.swift; path = RowSearchView.swift; sourceTree = "<group>"; };
		E936A6192BD5C16F00CB08F7 /* AgreementView.swift */ = {isa = PBXFileReference; lastKnownFileType = sourcecode.swift; path = AgreementView.swift; sourceTree = "<group>"; };
		E936A61C2BD5C3A100CB08F7 /* ViewsRouter.swift */ = {isa = PBXFileReference; lastKnownFileType = sourcecode.swift; path = ViewsRouter.swift; sourceTree = "<group>"; };
		E936A6212BD62EA400CB08F7 /* CGFloat+Extensions.swift */ = {isa = PBXFileReference; lastKnownFileType = sourcecode.swift; path = "CGFloat+Extensions.swift"; sourceTree = "<group>"; };
		E936A6232BD62EDA00CB08F7 /* Font+Extensions.swift */ = {isa = PBXFileReference; lastKnownFileType = sourcecode.swift; path = "Font+Extensions.swift"; sourceTree = "<group>"; };
		E936A6252BD62EFC00CB08F7 /* Image+Extensions.swift */ = {isa = PBXFileReference; lastKnownFileType = sourcecode.swift; path = "Image+Extensions.swift"; sourceTree = "<group>"; };
		E936A6272BD62F2D00CB08F7 /* ErrorType.swift */ = {isa = PBXFileReference; lastKnownFileType = sourcecode.swift; path = ErrorType.swift; sourceTree = "<group>"; };
		E936A6292BD62FA300CB08F7 /* Story.swift */ = {isa = PBXFileReference; lastKnownFileType = sourcecode.swift; path = Story.swift; sourceTree = "<group>"; };
		E936A62E2BD78A8C00CB08F7 /* ErrorView.swift */ = {isa = PBXFileReference; lastKnownFileType = sourcecode.swift; path = ErrorView.swift; sourceTree = "<group>"; };
		E936A6312BD78B0400CB08F7 /* StoriesListView.swift */ = {isa = PBXFileReference; lastKnownFileType = sourcecode.swift; path = StoriesListView.swift; sourceTree = "<group>"; };
		E936A6342BD78BC900CB08F7 /* RoutesListView.swift */ = {isa = PBXFileReference; lastKnownFileType = sourcecode.swift; path = RoutesListView.swift; sourceTree = "<group>"; };
		E936A6372BD78C4300CB08F7 /* Route.swift */ = {isa = PBXFileReference; lastKnownFileType = sourcecode.swift; path = Route.swift; sourceTree = "<group>"; };
		E936A63A2BD78FE700CB08F7 /* Carrier.swift */ = {isa = PBXFileReference; lastKnownFileType = sourcecode.swift; path = Carrier.swift; sourceTree = "<group>"; };
		E9396E5A2BDA2FE2003D69DA /* LaunchScreen.storyboard */ = {isa = PBXFileReference; lastKnownFileType = file.storyboard; path = LaunchScreen.storyboard; sourceTree = "<group>"; };
		E9396E5D2BDA309B003D69DA /* Travel-Schedule-Info.plist */ = {isa = PBXFileReference; lastKnownFileType = text.plist; path = "Travel-Schedule-Info.plist"; sourceTree = SOURCE_ROOT; };
		E9396E5F2BDA3477003D69DA /* WebView.swift */ = {isa = PBXFileReference; lastKnownFileType = sourcecode.swift; path = WebView.swift; sourceTree = "<group>"; };
		E9396E622BDA393F003D69DA /* RadioButtonToggleStyle.swift */ = {isa = PBXFileReference; lastKnownFileType = sourcecode.swift; path = RadioButtonToggleStyle.swift; sourceTree = "<group>"; };
		E93E20F42B9D7DF100B43DA5 /* Travel Schedule.app */ = {isa = PBXFileReference; explicitFileType = wrapper.application; includeInIndex = 0; path = "Travel Schedule.app"; sourceTree = BUILT_PRODUCTS_DIR; };
		E93E20F72B9D7DF100B43DA5 /* Travel_ScheduleApp.swift */ = {isa = PBXFileReference; lastKnownFileType = sourcecode.swift; path = Travel_ScheduleApp.swift; sourceTree = "<group>"; };
		E93E20FB2B9D7DF200B43DA5 /* Assets.xcassets */ = {isa = PBXFileReference; lastKnownFileType = folder.assetcatalog; path = Assets.xcassets; sourceTree = "<group>"; };
		E93E20FE2B9D7DF200B43DA5 /* Preview Assets.xcassets */ = {isa = PBXFileReference; lastKnownFileType = folder.assetcatalog; path = "Preview Assets.xcassets"; sourceTree = "<group>"; };
		E96F72092BD9930800EE294E /* Bundle+Extensions.swift */ = {isa = PBXFileReference; lastKnownFileType = sourcecode.swift; path = "Bundle+Extensions.swift"; sourceTree = "<group>"; };
		E96F720C2BD9939100EE294E /* Int+Extensions.swift */ = {isa = PBXFileReference; lastKnownFileType = sourcecode.swift; path = "Int+Extensions.swift"; sourceTree = "<group>"; };
		E96F720F2BD995EA00EE294E /* SearchBarView.swift */ = {isa = PBXFileReference; lastKnownFileType = sourcecode.swift; path = SearchBarView.swift; sourceTree = "<group>"; };
		E96F72142BD99BA000EE294E /* View+Extensions.swift */ = {isa = PBXFileReference; lastKnownFileType = sourcecode.swift; path = "View+Extensions.swift"; sourceTree = "<group>"; };
		E96F72182BD99DCA00EE294E /* SetRowElement.swift */ = {isa = PBXFileReference; lastKnownFileType = sourcecode.swift; path = SetRowElement.swift; sourceTree = "<group>"; };
		E96F721D2BD9A56C00EE294E /* SearchNothingView.swift */ = {isa = PBXFileReference; lastKnownFileType = sourcecode.swift; path = SearchNothingView.swift; sourceTree = "<group>"; };
		E96F72242BD9BF2700EE294E /* SetCustomNavigationBar.swift */ = {isa = PBXFileReference; lastKnownFileType = sourcecode.swift; path = SetCustomNavigationBar.swift; sourceTree = "<group>"; };
		E96F72272BD9BFAB00EE294E /* SetCustomNavBackButton.swift */ = {isa = PBXFileReference; lastKnownFileType = sourcecode.swift; path = SetCustomNavBackButton.swift; sourceTree = "<group>"; };
		E96F722A2BD9CBC900EE294E /* SearchTabView.swift */ = {isa = PBXFileReference; lastKnownFileType = sourcecode.swift; path = SearchTabView.swift; sourceTree = "<group>"; };
		E96F722F2BD9D60100EE294E /* CheckboxToggleStyle.swift */ = {isa = PBXFileReference; lastKnownFileType = sourcecode.swift; path = CheckboxToggleStyle.swift; sourceTree = "<group>"; };
		E98962DB2BA0EAD5005A84BA /* AuthenticationClientMiddleware.swift */ = {isa = PBXFileReference; lastKnownFileType = sourcecode.swift; path = AuthenticationClientMiddleware.swift; sourceTree = "<group>"; };
		E98962E02BA0EE54005A84BA /* CopyrightService.swift */ = {isa = PBXFileReference; lastKnownFileType = sourcecode.swift; path = CopyrightService.swift; sourceTree = "<group>"; };
		E9A49C242BD29D8100017734 /* RootTabView.swift */ = {isa = PBXFileReference; lastKnownFileType = sourcecode.swift; path = RootTabView.swift; sourceTree = "<group>"; };
		E9A49C262BD29EA000017734 /* MainSearchView.swift */ = {isa = PBXFileReference; lastKnownFileType = sourcecode.swift; path = MainSearchView.swift; sourceTree = "<group>"; };
		E9A49C292BD2A04800017734 /* Destination.swift */ = {isa = PBXFileReference; lastKnownFileType = sourcecode.swift; path = Destination.swift; sourceTree = "<group>"; };
		E9A49C2E2BD2A1CC00017734 /* City.swift */ = {isa = PBXFileReference; lastKnownFileType = sourcecode.swift; path = City.swift; sourceTree = "<group>"; };
		E9A49C302BD2A1F700017734 /* Station.swift */ = {isa = PBXFileReference; lastKnownFileType = sourcecode.swift; path = Station.swift; sourceTree = "<group>"; };
		E9A49C322BD2A21C00017734 /* Schedule.swift */ = {isa = PBXFileReference; lastKnownFileType = sourcecode.swift; path = Schedule.swift; sourceTree = "<group>"; };
		E9A49C342BD2A38900017734 /* SettingsView.swift */ = {isa = PBXFileReference; lastKnownFileType = sourcecode.swift; path = SettingsView.swift; sourceTree = "<group>"; };
		E9A49C3B2BD2B5D200017734 /* CityView.swift */ = {isa = PBXFileReference; lastKnownFileType = sourcecode.swift; path = CityView.swift; sourceTree = "<group>"; };
		E9A49C3F2BD2B83800017734 /* StationView.swift */ = {isa = PBXFileReference; lastKnownFileType = sourcecode.swift; path = StationView.swift; sourceTree = "<group>"; };
		E9A49C422BD2CC0300017734 /* RouteView.swift */ = {isa = PBXFileReference; lastKnownFileType = sourcecode.swift; path = RouteView.swift; sourceTree = "<group>"; };
		E9DCFF372BD8E3DB00C20F64 /* FilterView.swift */ = {isa = PBXFileReference; lastKnownFileType = sourcecode.swift; path = FilterView.swift; sourceTree = "<group>"; };
		E9DCFF3A2BD8E40200C20F64 /* CarrierView.swift */ = {isa = PBXFileReference; lastKnownFileType = sourcecode.swift; path = CarrierView.swift; sourceTree = "<group>"; };
		E9EC1BF72C0CB5D400FC85ED /* AppColors.swift */ = {isa = PBXFileReference; lastKnownFileType = sourcecode.swift; path = AppColors.swift; sourceTree = "<group>"; };
		E9EC1BF92C0CB9F200FC85ED /* AppFonts.swift */ = {isa = PBXFileReference; lastKnownFileType = sourcecode.swift; path = AppFonts.swift; sourceTree = "<group>"; };
		E9EC1C0D2C0CFECA00FC85ED /* AppSizes.swift */ = {isa = PBXFileReference; lastKnownFileType = sourcecode.swift; path = AppSizes.swift; sourceTree = "<group>"; };
		E9EC1C172C0DC7B600FC85ED /* SearchButtonView.swift */ = {isa = PBXFileReference; lastKnownFileType = sourcecode.swift; path = SearchButtonView.swift; sourceTree = "<group>"; };
		E9EC1C1A2C0DC91C00FC85ED /* SwapButtonView.swift */ = {isa = PBXFileReference; lastKnownFileType = sourcecode.swift; path = SwapButtonView.swift; sourceTree = "<group>"; };
		E9EC1C1D2C0DE3A300FC85ED /* DestinationsListView.swift */ = {isa = PBXFileReference; lastKnownFileType = sourcecode.swift; path = DestinationsListView.swift; sourceTree = "<group>"; };
		E9F490852B9DB495006FD055 /* openapi.yaml */ = {isa = PBXFileReference; fileEncoding = 4; lastKnownFileType = text.yaml; path = openapi.yaml; sourceTree = "<group>"; };
		E9F490872B9DB4F6006FD055 /* openapi-generator-config.yaml */ = {isa = PBXFileReference; lastKnownFileType = text.yaml; path = "openapi-generator-config.yaml"; sourceTree = "<group>"; };
		E9F4908A2B9DB76E006FD055 /* NearestStationsService.swift */ = {isa = PBXFileReference; lastKnownFileType = sourcecode.swift; path = NearestStationsService.swift; sourceTree = "<group>"; };
		E9F4908D2B9DBADB006FD055 /* Resources.swift */ = {isa = PBXFileReference; lastKnownFileType = sourcecode.swift; path = Resources.swift; sourceTree = "<group>"; };
/* End PBXFileReference section */

/* Begin PBXFrameworksBuildPhase section */
		E93E20F12B9D7DF100B43DA5 /* Frameworks */ = {
			isa = PBXFrameworksBuildPhase;
			buildActionMask = 2147483647;
			files = (
				E9F490822B9DA583006FD055 /* OpenAPIURLSession in Frameworks */,
				E9F4907F2B9DA536006FD055 /* OpenAPIRuntime in Frameworks */,
			);
			runOnlyForDeploymentPostprocessing = 0;
		};
/* End PBXFrameworksBuildPhase section */

/* Begin PBXGroup section */
		E936A6202BD62E9600CB08F7 /* Extensions */ = {
			isa = PBXGroup;
			children = (
				E936A6212BD62EA400CB08F7 /* CGFloat+Extensions.swift */,
				E936A6232BD62EDA00CB08F7 /* Font+Extensions.swift */,
				E936A6252BD62EFC00CB08F7 /* Image+Extensions.swift */,
				E96F72092BD9930800EE294E /* Bundle+Extensions.swift */,
				E96F720C2BD9939100EE294E /* Int+Extensions.swift */,
				E96F72142BD99BA000EE294E /* View+Extensions.swift */,
			);
			path = Extensions;
			sourceTree = "<group>";
		};
		E93E20EB2B9D7DF100B43DA5 = {
			isa = PBXGroup;
			children = (
				E93E20F62B9D7DF100B43DA5 /* Travel Schedule */,
				E93E20F52B9D7DF100B43DA5 /* Products */,
			);
			sourceTree = "<group>";
		};
		E93E20F52B9D7DF100B43DA5 /* Products */ = {
			isa = PBXGroup;
			children = (
				E93E20F42B9D7DF100B43DA5 /* Travel Schedule.app */,
			);
			name = Products;
			sourceTree = "<group>";
		};
		E93E20F62B9D7DF100B43DA5 /* Travel Schedule */ = {
			isa = PBXGroup;
			children = (
				E9396E5D2BDA309B003D69DA /* Travel-Schedule-Info.plist */,
				E9F490852B9DB495006FD055 /* openapi.yaml */,
				E9F490872B9DB4F6006FD055 /* openapi-generator-config.yaml */,
				E93E20F72B9D7DF100B43DA5 /* Travel_ScheduleApp.swift */,
				E9A49C2C2BD2A04E00017734 /* Models */,
				E9A49C222BD29D2700017734 /* Views */,
				E936A6202BD62E9600CB08F7 /* Extensions */,
				E9F490902BA0407D006FD055 /* Services */,
				E9F490922BA040A7006FD055 /* Resources */,
				E93E20FD2B9D7DF200B43DA5 /* Preview Content */,
			);
			path = "Travel Schedule";
			sourceTree = "<group>";
		};
		E93E20FD2B9D7DF200B43DA5 /* Preview Content */ = {
			isa = PBXGroup;
			children = (
				E93E20FE2B9D7DF200B43DA5 /* Preview Assets.xcassets */,
			);
			path = "Preview Content";
			sourceTree = "<group>";
		};
		E96F72172BD99D9F00EE294E /* ViewModifier */ = {
			isa = PBXGroup;
			children = (
				E96F72182BD99DCA00EE294E /* SetRowElement.swift */,
				E96F72242BD9BF2700EE294E /* SetCustomNavigationBar.swift */,
				E96F72272BD9BFAB00EE294E /* SetCustomNavBackButton.swift */,
				E96F722F2BD9D60100EE294E /* CheckboxToggleStyle.swift */,
				E9396E622BDA393F003D69DA /* RadioButtonToggleStyle.swift */,
			);
			path = ViewModifier;
			sourceTree = "<group>";
		};
		E9A49C222BD29D2700017734 /* Views */ = {
			isa = PBXGroup;
			children = (
				E9A49C242BD29D8100017734 /* RootTabView.swift */,
				E9E30FA02BD98A3C0061546C /* Settings */,
				E9E30F9E2BD98A250061546C /* Searching */,
				E9E30FA32BD98A510061546C /* Routes */,
				E9E30F9B2BD989E40061546C /* Elements */,
				E936A62E2BD78A8C00CB08F7 /* ErrorView.swift */,
				E936A6312BD78B0400CB08F7 /* StoriesListView.swift */,
			);
			path = Views;
			sourceTree = "<group>";
		};
		E9A49C2C2BD2A04E00017734 /* Models */ = {
			isa = PBXGroup;
			children = (
				E9A49C292BD2A04800017734 /* Destination.swift */,
				E9A49C2E2BD2A1CC00017734 /* City.swift */,
				E9A49C302BD2A1F700017734 /* Station.swift */,
				E9A49C322BD2A21C00017734 /* Schedule.swift */,
				E936A6292BD62FA300CB08F7 /* Story.swift */,
				E936A6372BD78C4300CB08F7 /* Route.swift */,
				E936A63A2BD78FE700CB08F7 /* Carrier.swift */,
				E91BC4C12BD85410003FF64D /* Filter.swift */,
				E96F72172BD99D9F00EE294E /* ViewModifier */,
				E9DCFF462BD982C700C20F64 /* Enums */,
			);
			path = Models;
			sourceTree = "<group>";
		};
		E9DCFF462BD982C700C20F64 /* Enums */ = {
			isa = PBXGroup;
			children = (
				E936A61C2BD5C3A100CB08F7 /* ViewsRouter.swift */,
				E936A6272BD62F2D00CB08F7 /* ErrorType.swift */,
			);
			path = Enums;
			sourceTree = "<group>";
		};
		E9E30F9B2BD989E40061546C /* Elements */ = {
			isa = PBXGroup;
			children = (
				E96F720F2BD995EA00EE294E /* SearchBarView.swift */,
				E936A6142BD5BB7700CB08F7 /* RowSearchView.swift */,
				E9A49C422BD2CC0300017734 /* RouteView.swift */,
				E96F721D2BD9A56C00EE294E /* SearchNothingView.swift */,
				E9396E5F2BDA3477003D69DA /* WebView.swift */,
				E9EC1C172C0DC7B600FC85ED /* SearchButtonView.swift */,
				E9EC1C1A2C0DC91C00FC85ED /* SwapButtonView.swift */,
			);
			path = Elements;
			sourceTree = "<group>";
		};
		E9E30F9E2BD98A250061546C /* Searching */ = {
			isa = PBXGroup;
			children = (
				E96F722A2BD9CBC900EE294E /* SearchTabView.swift */,
				E9A49C262BD29EA000017734 /* MainSearchView.swift */,
				E9A49C3B2BD2B5D200017734 /* CityView.swift */,
				E9A49C3F2BD2B83800017734 /* StationView.swift */,
				E9EC1C1D2C0DE3A300FC85ED /* DestinationsListView.swift */,
			);
			path = Searching;
			sourceTree = "<group>";
		};
		E9E30FA02BD98A3C0061546C /* Settings */ = {
			isa = PBXGroup;
			children = (
				E9A49C342BD2A38900017734 /* SettingsView.swift */,
				E936A6192BD5C16F00CB08F7 /* AgreementView.swift */,
			);
			path = Settings;
			sourceTree = "<group>";
		};
		E9E30FA32BD98A510061546C /* Routes */ = {
			isa = PBXGroup;
			children = (
				E936A6342BD78BC900CB08F7 /* RoutesListView.swift */,
				E9DCFF372BD8E3DB00C20F64 /* FilterView.swift */,
				E9DCFF3A2BD8E40200C20F64 /* CarrierView.swift */,
			);
			path = Routes;
			sourceTree = "<group>";
		};
		E9F490902BA0407D006FD055 /* Services */ = {
			isa = PBXGroup;
			children = (
				E98962DB2BA0EAD5005A84BA /* AuthenticationClientMiddleware.swift */,
				E9F4908A2B9DB76E006FD055 /* NearestStationsService.swift */,
				E98962E02BA0EE54005A84BA /* CopyrightService.swift */,
				E909C8432BA1098C00D67B65 /* SchedulesService.swift */,
				E909C8462BA1186A00D67B65 /* SearchService.swift */,
				E909C8492BA1734300D67B65 /* ThreadService.swift */,
				E909C84C2BA1795F00D67B65 /* NearestSettlementService.swift */,
				E909C84F2BA1826400D67B65 /* CarriersService.swift */,
				E909C8522BA18EAB00D67B65 /* StationsListService.swift */,
				E9163A8D2BD29A2C0007D9CF /* NetworkService.swift */,
			);
			path = Services;
			sourceTree = "<group>";
		};
		E9F490922BA040A7006FD055 /* Resources */ = {
			isa = PBXGroup;
			children = (
				E93E20FB2B9D7DF200B43DA5 /* Assets.xcassets */,
				E9F4908D2B9DBADB006FD055 /* Resources.swift */,
				E9396E5A2BDA2FE2003D69DA /* LaunchScreen.storyboard */,
				E9EC1BF72C0CB5D400FC85ED /* AppColors.swift */,
				E9EC1BF92C0CB9F200FC85ED /* AppFonts.swift */,
				E9EC1C0D2C0CFECA00FC85ED /* AppSizes.swift */,
			);
			path = Resources;
			sourceTree = "<group>";
		};
/* End PBXGroup section */

/* Begin PBXNativeTarget section */
		E93E20F32B9D7DF100B43DA5 /* Travel Schedule */ = {
			isa = PBXNativeTarget;
			buildConfigurationList = E93E21022B9D7DF200B43DA5 /* Build configuration list for PBXNativeTarget "Travel Schedule" */;
			buildPhases = (
				E93E20F02B9D7DF100B43DA5 /* Sources */,
				E93E20F12B9D7DF100B43DA5 /* Frameworks */,
				E93E20F22B9D7DF100B43DA5 /* Resources */,
				E95D36792BA38D100046718A /* ShellScript */,
			);
			buildRules = (
			);
			dependencies = (
				E9F490842B9DA5E2006FD055 /* PBXTargetDependency */,
			);
			name = "Travel Schedule";
			packageProductDependencies = (
				E9F4907E2B9DA536006FD055 /* OpenAPIRuntime */,
				E9F490812B9DA583006FD055 /* OpenAPIURLSession */,
			);
			productName = "Travel Schedule";
			productReference = E93E20F42B9D7DF100B43DA5 /* Travel Schedule.app */;
			productType = "com.apple.product-type.application";
		};
/* End PBXNativeTarget section */

/* Begin PBXProject section */
		E93E20EC2B9D7DF100B43DA5 /* Project object */ = {
			isa = PBXProject;
			attributes = {
				BuildIndependentTargetsInParallel = 1;
				LastSwiftUpdateCheck = 1520;
				LastUpgradeCheck = 1520;
				TargetAttributes = {
					E93E20F32B9D7DF100B43DA5 = {
						CreatedOnToolsVersion = 15.2;
					};
				};
			};
			buildConfigurationList = E93E20EF2B9D7DF100B43DA5 /* Build configuration list for PBXProject "Travel Schedule" */;
			compatibilityVersion = "Xcode 14.0";
			developmentRegion = en;
			hasScannedForEncodings = 0;
			knownRegions = (
				en,
				Base,
			);
			mainGroup = E93E20EB2B9D7DF100B43DA5;
			packageReferences = (
				E9F490782B9DA4FF006FD055 /* XCRemoteSwiftPackageReference "swift-openapi-generator" */,
				E9F4907D2B9DA536006FD055 /* XCRemoteSwiftPackageReference "swift-openapi-runtime" */,
				E9F490802B9DA583006FD055 /* XCRemoteSwiftPackageReference "swift-openapi-urlsession" */,
			);
			productRefGroup = E93E20F52B9D7DF100B43DA5 /* Products */;
			projectDirPath = "";
			projectRoot = "";
			targets = (
				E93E20F32B9D7DF100B43DA5 /* Travel Schedule */,
			);
		};
/* End PBXProject section */

/* Begin PBXResourcesBuildPhase section */
		E93E20F22B9D7DF100B43DA5 /* Resources */ = {
			isa = PBXResourcesBuildPhase;
			buildActionMask = 2147483647;
			files = (
				E93E20FF2B9D7DF200B43DA5 /* Preview Assets.xcassets in Resources */,
				E9F490882B9DB4F6006FD055 /* openapi-generator-config.yaml in Resources */,
				E93E20FC2B9D7DF200B43DA5 /* Assets.xcassets in Resources */,
				E9396E5B2BDA2FE2003D69DA /* LaunchScreen.storyboard in Resources */,
				E9F490862B9DB495006FD055 /* openapi.yaml in Resources */,
			);
			runOnlyForDeploymentPostprocessing = 0;
		};
/* End PBXResourcesBuildPhase section */

/* Begin PBXShellScriptBuildPhase section */
		E95D36792BA38D100046718A /* ShellScript */ = {
			isa = PBXShellScriptBuildPhase;
			alwaysOutOfDate = 1;
			buildActionMask = 2147483647;
			files = (
			);
			inputFileListPaths = (
			);
			inputPaths = (
			);
			outputFileListPaths = (
			);
			outputPaths = (
			);
			runOnlyForDeploymentPostprocessing = 0;
			shellPath = /bin/sh;
			shellScript = "export PATH=\"$PATH:/opt/homebrew/bin\"\nif [ swiftlint.yml ]; then\n  if which swiftlint >/dev/null; then\n    swiftlint --no-cache --config swiftlint.yml\n  fi\nfi\n";
		};
/* End PBXShellScriptBuildPhase section */

/* Begin PBXSourcesBuildPhase section */
		E93E20F02B9D7DF100B43DA5 /* Sources */ = {
			isa = PBXSourcesBuildPhase;
			buildActionMask = 2147483647;
			files = (
				E9A49C252BD29D8100017734 /* RootTabView.swift in Sources */,
				E9396E632BDA393F003D69DA /* RadioButtonToggleStyle.swift in Sources */,
				E9A49C432BD2CC0300017734 /* RouteView.swift in Sources */,
				E96F72282BD9BFAB00EE294E /* SetCustomNavBackButton.swift in Sources */,
				E909C8502BA1826400D67B65 /* CarriersService.swift in Sources */,
				E96F720A2BD9930800EE294E /* Bundle+Extensions.swift in Sources */,
				E936A6382BD78C4300CB08F7 /* Route.swift in Sources */,
				E936A6262BD62EFC00CB08F7 /* Image+Extensions.swift in Sources */,
				E9F4908E2B9DBADB006FD055 /* Resources.swift in Sources */,
				E9EC1C1E2C0DE3A300FC85ED /* DestinationsListView.swift in Sources */,
				E98962DC2BA0EAD5005A84BA /* AuthenticationClientMiddleware.swift in Sources */,
				E9EC1C182C0DC7B600FC85ED /* SearchButtonView.swift in Sources */,
				E936A63B2BD78FE700CB08F7 /* Carrier.swift in Sources */,
				E96F72192BD99DCA00EE294E /* SetRowElement.swift in Sources */,
				E9EC1C0E2C0CFECA00FC85ED /* AppSizes.swift in Sources */,
				E96F722B2BD9CBC900EE294E /* SearchTabView.swift in Sources */,
				E936A6282BD62F2D00CB08F7 /* ErrorType.swift in Sources */,
				E96F72152BD99BA000EE294E /* View+Extensions.swift in Sources */,
				E936A62F2BD78A8C00CB08F7 /* ErrorView.swift in Sources */,
				E9A49C402BD2B83800017734 /* StationView.swift in Sources */,
				E9A49C352BD2A38900017734 /* SettingsView.swift in Sources */,
				E96F72252BD9BF2700EE294E /* SetCustomNavigationBar.swift in Sources */,
				E9F4908B2B9DB76E006FD055 /* NearestStationsService.swift in Sources */,
				E93E20F82B9D7DF100B43DA5 /* Travel_ScheduleApp.swift in Sources */,
				E96F72102BD995EA00EE294E /* SearchBarView.swift in Sources */,
				E936A6242BD62EDA00CB08F7 /* Font+Extensions.swift in Sources */,
				E909C84A2BA1734300D67B65 /* ThreadService.swift in Sources */,
				E909C8472BA1186A00D67B65 /* SearchService.swift in Sources */,
				E936A6352BD78BC900CB08F7 /* RoutesListView.swift in Sources */,
				E9A49C2F2BD2A1CC00017734 /* City.swift in Sources */,
				E936A6322BD78B0400CB08F7 /* StoriesListView.swift in Sources */,
				E9396E602BDA3477003D69DA /* WebView.swift in Sources */,
				E9A49C312BD2A1F700017734 /* Station.swift in Sources */,
				E9EC1BF82C0CB5D400FC85ED /* AppColors.swift in Sources */,
				E9A49C272BD29EA000017734 /* MainSearchView.swift in Sources */,
				E936A6222BD62EA400CB08F7 /* CGFloat+Extensions.swift in Sources */,
				E909C8442BA1098C00D67B65 /* SchedulesService.swift in Sources */,
				E909C84D2BA1795F00D67B65 /* NearestSettlementService.swift in Sources */,
				E91BC4C22BD85410003FF64D /* Filter.swift in Sources */,
				E909C8532BA18EAB00D67B65 /* StationsListService.swift in Sources */,
				E9163A8E2BD29A2C0007D9CF /* NetworkService.swift in Sources */,
				E96F720D2BD9939100EE294E /* Int+Extensions.swift in Sources */,
				E9A49C332BD2A21C00017734 /* Schedule.swift in Sources */,
				E936A61A2BD5C16F00CB08F7 /* AgreementView.swift in Sources */,
				E9EC1C1B2C0DC91C00FC85ED /* SwapButtonView.swift in Sources */,
				E936A6152BD5BB7700CB08F7 /* RowSearchView.swift in Sources */,
				E9A49C2A2BD2A04800017734 /* Destination.swift in Sources */,
				E936A61D2BD5C3A100CB08F7 /* ViewsRouter.swift in Sources */,
				E9DCFF3B2BD8E40200C20F64 /* CarrierView.swift in Sources */,
				E9A49C3C2BD2B5D200017734 /* CityView.swift in Sources */,
				E98962E12BA0EE54005A84BA /* CopyrightService.swift in Sources */,
				E936A62A2BD62FA300CB08F7 /* Story.swift in Sources */,
				E9EC1BFA2C0CB9F200FC85ED /* AppFonts.swift in Sources */,
				E96F721E2BD9A56C00EE294E /* SearchNothingView.swift in Sources */,
				E96F72302BD9D60100EE294E /* CheckboxToggleStyle.swift in Sources */,
				E9DCFF382BD8E3DB00C20F64 /* FilterView.swift in Sources */,
			);
			runOnlyForDeploymentPostprocessing = 0;
		};
/* End PBXSourcesBuildPhase section */

/* Begin PBXTargetDependency section */
		E9F490842B9DA5E2006FD055 /* PBXTargetDependency */ = {
			isa = PBXTargetDependency;
			productRef = E9F490832B9DA5E2006FD055 /* OpenAPIGenerator */;
		};
/* End PBXTargetDependency section */

/* Begin XCBuildConfiguration section */
		E93E21002B9D7DF200B43DA5 /* Debug */ = {
			isa = XCBuildConfiguration;
			buildSettings = {
				ALWAYS_SEARCH_USER_PATHS = NO;
				ASSETCATALOG_COMPILER_GENERATE_SWIFT_ASSET_SYMBOL_EXTENSIONS = YES;
				CLANG_ANALYZER_NONNULL = YES;
				CLANG_ANALYZER_NUMBER_OBJECT_CONVERSION = YES_AGGRESSIVE;
				CLANG_CXX_LANGUAGE_STANDARD = "gnu++20";
				CLANG_ENABLE_MODULES = YES;
				CLANG_ENABLE_OBJC_ARC = YES;
				CLANG_ENABLE_OBJC_WEAK = YES;
				CLANG_WARN_BLOCK_CAPTURE_AUTORELEASING = YES;
				CLANG_WARN_BOOL_CONVERSION = YES;
				CLANG_WARN_COMMA = YES;
				CLANG_WARN_CONSTANT_CONVERSION = YES;
				CLANG_WARN_DEPRECATED_OBJC_IMPLEMENTATIONS = YES;
				CLANG_WARN_DIRECT_OBJC_ISA_USAGE = YES_ERROR;
				CLANG_WARN_DOCUMENTATION_COMMENTS = YES;
				CLANG_WARN_EMPTY_BODY = YES;
				CLANG_WARN_ENUM_CONVERSION = YES;
				CLANG_WARN_INFINITE_RECURSION = YES;
				CLANG_WARN_INT_CONVERSION = YES;
				CLANG_WARN_NON_LITERAL_NULL_CONVERSION = YES;
				CLANG_WARN_OBJC_IMPLICIT_RETAIN_SELF = YES;
				CLANG_WARN_OBJC_LITERAL_CONVERSION = YES;
				CLANG_WARN_OBJC_ROOT_CLASS = YES_ERROR;
				CLANG_WARN_QUOTED_INCLUDE_IN_FRAMEWORK_HEADER = YES;
				CLANG_WARN_RANGE_LOOP_ANALYSIS = YES;
				CLANG_WARN_STRICT_PROTOTYPES = YES;
				CLANG_WARN_SUSPICIOUS_MOVE = YES;
				CLANG_WARN_UNGUARDED_AVAILABILITY = YES_AGGRESSIVE;
				CLANG_WARN_UNREACHABLE_CODE = YES;
				CLANG_WARN__DUPLICATE_METHOD_MATCH = YES;
				COPY_PHASE_STRIP = NO;
				DEBUG_INFORMATION_FORMAT = dwarf;
				ENABLE_STRICT_OBJC_MSGSEND = YES;
				ENABLE_TESTABILITY = YES;
				ENABLE_USER_SCRIPT_SANDBOXING = NO;
				GCC_C_LANGUAGE_STANDARD = gnu17;
				GCC_DYNAMIC_NO_PIC = NO;
				GCC_NO_COMMON_BLOCKS = YES;
				GCC_OPTIMIZATION_LEVEL = 0;
				GCC_PREPROCESSOR_DEFINITIONS = (
					"DEBUG=1",
					"$(inherited)",
				);
				GCC_WARN_64_TO_32_BIT_CONVERSION = YES;
				GCC_WARN_ABOUT_RETURN_TYPE = YES_ERROR;
				GCC_WARN_UNDECLARED_SELECTOR = YES;
				GCC_WARN_UNINITIALIZED_AUTOS = YES_AGGRESSIVE;
				GCC_WARN_UNUSED_FUNCTION = YES;
				GCC_WARN_UNUSED_VARIABLE = YES;
				IPHONEOS_DEPLOYMENT_TARGET = 16.0;
				LOCALIZATION_PREFERS_STRING_CATALOGS = YES;
				MTL_ENABLE_DEBUG_INFO = INCLUDE_SOURCE;
				MTL_FAST_MATH = YES;
				ONLY_ACTIVE_ARCH = YES;
				SDKROOT = iphoneos;
				SWIFT_ACTIVE_COMPILATION_CONDITIONS = "DEBUG $(inherited)";
				SWIFT_OPTIMIZATION_LEVEL = "-Onone";
			};
			name = Debug;
		};
		E93E21012B9D7DF200B43DA5 /* Release */ = {
			isa = XCBuildConfiguration;
			buildSettings = {
				ALWAYS_SEARCH_USER_PATHS = NO;
				ASSETCATALOG_COMPILER_GENERATE_SWIFT_ASSET_SYMBOL_EXTENSIONS = YES;
				CLANG_ANALYZER_NONNULL = YES;
				CLANG_ANALYZER_NUMBER_OBJECT_CONVERSION = YES_AGGRESSIVE;
				CLANG_CXX_LANGUAGE_STANDARD = "gnu++20";
				CLANG_ENABLE_MODULES = YES;
				CLANG_ENABLE_OBJC_ARC = YES;
				CLANG_ENABLE_OBJC_WEAK = YES;
				CLANG_WARN_BLOCK_CAPTURE_AUTORELEASING = YES;
				CLANG_WARN_BOOL_CONVERSION = YES;
				CLANG_WARN_COMMA = YES;
				CLANG_WARN_CONSTANT_CONVERSION = YES;
				CLANG_WARN_DEPRECATED_OBJC_IMPLEMENTATIONS = YES;
				CLANG_WARN_DIRECT_OBJC_ISA_USAGE = YES_ERROR;
				CLANG_WARN_DOCUMENTATION_COMMENTS = YES;
				CLANG_WARN_EMPTY_BODY = YES;
				CLANG_WARN_ENUM_CONVERSION = YES;
				CLANG_WARN_INFINITE_RECURSION = YES;
				CLANG_WARN_INT_CONVERSION = YES;
				CLANG_WARN_NON_LITERAL_NULL_CONVERSION = YES;
				CLANG_WARN_OBJC_IMPLICIT_RETAIN_SELF = YES;
				CLANG_WARN_OBJC_LITERAL_CONVERSION = YES;
				CLANG_WARN_OBJC_ROOT_CLASS = YES_ERROR;
				CLANG_WARN_QUOTED_INCLUDE_IN_FRAMEWORK_HEADER = YES;
				CLANG_WARN_RANGE_LOOP_ANALYSIS = YES;
				CLANG_WARN_STRICT_PROTOTYPES = YES;
				CLANG_WARN_SUSPICIOUS_MOVE = YES;
				CLANG_WARN_UNGUARDED_AVAILABILITY = YES_AGGRESSIVE;
				CLANG_WARN_UNREACHABLE_CODE = YES;
				CLANG_WARN__DUPLICATE_METHOD_MATCH = YES;
				COPY_PHASE_STRIP = NO;
				DEBUG_INFORMATION_FORMAT = "dwarf-with-dsym";
				ENABLE_NS_ASSERTIONS = NO;
				ENABLE_STRICT_OBJC_MSGSEND = YES;
				ENABLE_USER_SCRIPT_SANDBOXING = NO;
				GCC_C_LANGUAGE_STANDARD = gnu17;
				GCC_NO_COMMON_BLOCKS = YES;
				GCC_WARN_64_TO_32_BIT_CONVERSION = YES;
				GCC_WARN_ABOUT_RETURN_TYPE = YES_ERROR;
				GCC_WARN_UNDECLARED_SELECTOR = YES;
				GCC_WARN_UNINITIALIZED_AUTOS = YES_AGGRESSIVE;
				GCC_WARN_UNUSED_FUNCTION = YES;
				GCC_WARN_UNUSED_VARIABLE = YES;
				IPHONEOS_DEPLOYMENT_TARGET = 16.0;
				LOCALIZATION_PREFERS_STRING_CATALOGS = YES;
				MTL_ENABLE_DEBUG_INFO = NO;
				MTL_FAST_MATH = YES;
				SDKROOT = iphoneos;
				SWIFT_COMPILATION_MODE = wholemodule;
				VALIDATE_PRODUCT = YES;
			};
			name = Release;
		};
		E93E21032B9D7DF200B43DA5 /* Debug */ = {
			isa = XCBuildConfiguration;
			buildSettings = {
				ASSETCATALOG_COMPILER_APPICON_NAME = AppIcon;
				ASSETCATALOG_COMPILER_GLOBAL_ACCENT_COLOR_NAME = AccentColor;
				CODE_SIGN_STYLE = Automatic;
				CURRENT_PROJECT_VERSION = 1;
				DEVELOPMENT_ASSET_PATHS = "\"Travel Schedule/Preview Content\"";
				DEVELOPMENT_TEAM = 3LKWW87KA9;
				ENABLE_PREVIEWS = YES;
				GENERATE_INFOPLIST_FILE = YES;
				INFOPLIST_FILE = "Travel-Schedule-Info.plist";
				INFOPLIST_KEY_CFBundleDisplayName = "Travel Schedule";
				INFOPLIST_KEY_LSApplicationCategoryType = "public.app-category.travel";
				INFOPLIST_KEY_UIApplicationSceneManifest_Generation = YES;
				INFOPLIST_KEY_UIApplicationSupportsIndirectInputEvents = YES;
				INFOPLIST_KEY_UILaunchStoryboardName = LaunchScreen.storyboard;
				INFOPLIST_KEY_UISupportedInterfaceOrientations = UIInterfaceOrientationPortrait;
				INFOPLIST_KEY_UISupportedInterfaceOrientations_iPad = "UIInterfaceOrientationLandscapeLeft UIInterfaceOrientationLandscapeRight UIInterfaceOrientationPortrait UIInterfaceOrientationPortraitUpsideDown";
				IPHONEOS_DEPLOYMENT_TARGET = 16.0;
				LD_RUNPATH_SEARCH_PATHS = (
					"$(inherited)",
					"@executable_path/Frameworks",
				);
				MARKETING_VERSION = 1.0;
				PRODUCT_BUNDLE_IDENTIFIER = "com.skemenov.Travel-Schedule";
				PRODUCT_NAME = "$(TARGET_NAME)";
				SUPPORTED_PLATFORMS = "iphoneos iphonesimulator";
				SUPPORTS_MACCATALYST = NO;
				SUPPORTS_MAC_DESIGNED_FOR_IPHONE_IPAD = NO;
				SUPPORTS_XR_DESIGNED_FOR_IPHONE_IPAD = NO;
				SWIFT_EMIT_LOC_STRINGS = YES;
				SWIFT_VERSION = 5.0;
				TARGETED_DEVICE_FAMILY = 1;
			};
			name = Debug;
		};
		E93E21042B9D7DF200B43DA5 /* Release */ = {
			isa = XCBuildConfiguration;
			buildSettings = {
				ASSETCATALOG_COMPILER_APPICON_NAME = AppIcon;
				ASSETCATALOG_COMPILER_GLOBAL_ACCENT_COLOR_NAME = AccentColor;
				CODE_SIGN_STYLE = Automatic;
				CURRENT_PROJECT_VERSION = 1;
				DEVELOPMENT_ASSET_PATHS = "\"Travel Schedule/Preview Content\"";
				DEVELOPMENT_TEAM = 3LKWW87KA9;
				ENABLE_PREVIEWS = YES;
				GENERATE_INFOPLIST_FILE = YES;
				INFOPLIST_FILE = "Travel-Schedule-Info.plist";
				INFOPLIST_KEY_CFBundleDisplayName = "Travel Schedule";
				INFOPLIST_KEY_LSApplicationCategoryType = "public.app-category.travel";
				INFOPLIST_KEY_UIApplicationSceneManifest_Generation = YES;
				INFOPLIST_KEY_UIApplicationSupportsIndirectInputEvents = YES;
				INFOPLIST_KEY_UILaunchStoryboardName = LaunchScreen.storyboard;
				INFOPLIST_KEY_UISupportedInterfaceOrientations = UIInterfaceOrientationPortrait;
				INFOPLIST_KEY_UISupportedInterfaceOrientations_iPad = "UIInterfaceOrientationLandscapeLeft UIInterfaceOrientationLandscapeRight UIInterfaceOrientationPortrait UIInterfaceOrientationPortraitUpsideDown";
				IPHONEOS_DEPLOYMENT_TARGET = 16.0;
				LD_RUNPATH_SEARCH_PATHS = (
					"$(inherited)",
					"@executable_path/Frameworks",
				);
				MARKETING_VERSION = 1.0;
				PRODUCT_BUNDLE_IDENTIFIER = "com.skemenov.Travel-Schedule";
				PRODUCT_NAME = "$(TARGET_NAME)";
				SUPPORTED_PLATFORMS = "iphoneos iphonesimulator";
				SUPPORTS_MACCATALYST = NO;
				SUPPORTS_MAC_DESIGNED_FOR_IPHONE_IPAD = NO;
				SUPPORTS_XR_DESIGNED_FOR_IPHONE_IPAD = NO;
				SWIFT_EMIT_LOC_STRINGS = YES;
				SWIFT_VERSION = 5.0;
				TARGETED_DEVICE_FAMILY = 1;
			};
			name = Release;
		};
/* End XCBuildConfiguration section */

/* Begin XCConfigurationList section */
		E93E20EF2B9D7DF100B43DA5 /* Build configuration list for PBXProject "Travel Schedule" */ = {
			isa = XCConfigurationList;
			buildConfigurations = (
				E93E21002B9D7DF200B43DA5 /* Debug */,
				E93E21012B9D7DF200B43DA5 /* Release */,
			);
			defaultConfigurationIsVisible = 0;
			defaultConfigurationName = Release;
		};
		E93E21022B9D7DF200B43DA5 /* Build configuration list for PBXNativeTarget "Travel Schedule" */ = {
			isa = XCConfigurationList;
			buildConfigurations = (
				E93E21032B9D7DF200B43DA5 /* Debug */,
				E93E21042B9D7DF200B43DA5 /* Release */,
			);
			defaultConfigurationIsVisible = 0;
			defaultConfigurationName = Release;
		};
/* End XCConfigurationList section */

/* Begin XCRemoteSwiftPackageReference section */
		E9F490782B9DA4FF006FD055 /* XCRemoteSwiftPackageReference "swift-openapi-generator" */ = {
			isa = XCRemoteSwiftPackageReference;
			repositoryURL = "https://github.com/apple/swift-openapi-generator";
			requirement = {
				kind = upToNextMajorVersion;
				minimumVersion = 1.2.1;
			};
		};
		E9F4907D2B9DA536006FD055 /* XCRemoteSwiftPackageReference "swift-openapi-runtime" */ = {
			isa = XCRemoteSwiftPackageReference;
			repositoryURL = "https://github.com/apple/swift-openapi-runtime";
			requirement = {
				kind = upToNextMajorVersion;
				minimumVersion = 1.3.2;
			};
		};
		E9F490802B9DA583006FD055 /* XCRemoteSwiftPackageReference "swift-openapi-urlsession" */ = {
			isa = XCRemoteSwiftPackageReference;
			repositoryURL = "https://github.com/apple/swift-openapi-urlsession";
			requirement = {
				kind = upToNextMajorVersion;
				minimumVersion = 1.0.1;
			};
		};
/* End XCRemoteSwiftPackageReference section */

/* Begin XCSwiftPackageProductDependency section */
		E9F4907E2B9DA536006FD055 /* OpenAPIRuntime */ = {
			isa = XCSwiftPackageProductDependency;
			package = E9F4907D2B9DA536006FD055 /* XCRemoteSwiftPackageReference "swift-openapi-runtime" */;
			productName = OpenAPIRuntime;
		};
		E9F490812B9DA583006FD055 /* OpenAPIURLSession */ = {
			isa = XCSwiftPackageProductDependency;
			package = E9F490802B9DA583006FD055 /* XCRemoteSwiftPackageReference "swift-openapi-urlsession" */;
			productName = OpenAPIURLSession;
		};
		E9F490832B9DA5E2006FD055 /* OpenAPIGenerator */ = {
			isa = XCSwiftPackageProductDependency;
			package = E9F490782B9DA4FF006FD055 /* XCRemoteSwiftPackageReference "swift-openapi-generator" */;
			productName = "plugin:OpenAPIGenerator";
		};
/* End XCSwiftPackageProductDependency section */
	};
	rootObject = E93E20EC2B9D7DF100B43DA5 /* Project object */;
}
